{
  "name": "postulacion-dici",
  "version": "0.0.1",
  "lockfileVersion": 1,
  "requires": true,
  "dependencies": {
    "quasar": {
      "version": "2.0.3",
      "resolved": "https://registry.npmjs.org/quasar/-/quasar-2.0.3.tgz",
      "integrity": "sha512-saAyRZjPZCJE0mSBPDyfOiXIb9HkGaBQpTluTvTpNhvfcGMbwIWEnJ0fPzfnDIQqcZjbUjlSktAZrrAVayUM9Q=="
    }
  }
}
